
Microsoft Visual Studio Solution File, Format Version 12.00
# Visual Studio Version 16
VisualStudioVersion = 16.0.30114.105
MinimumVisualStudioVersion = 10.0.40219.1
Project("{FAE04EC0-301F-11D3-BF4B-00C04F79EFBC}") = "R5T.Solida.Solutas", "R5T.Solida.Solutas\R5T.Solida.Solutas.csproj", "{903BE56E-0600-4BE3-92C6-45259E2CAD16}"
EndProject
Project("{FAE04EC0-301F-11D3-BF4B-00C04F79EFBC}") = "R5T.Solida.Solutas.Construction", "R5T.Solida.Solutas.Construction\R5T.Solida.Solutas.Construction.csproj", "{6DE15B9B-7BFA-42A7-8A00-A2C29298DF04}"
EndProject
Project("{FAE04EC0-301F-11D3-BF4B-00C04F79EFBC}") = "R5T.Solida.Solutas.Testing", "R5T.Solida.Solutas.Testing\R5T.Solida.Solutas.Testing.csproj", "{3A079CC3-DFCF-488A-8E8F-ECAA5F4066F4}"
EndProject
Project("{2150E333-8FDC-42A3-9474-1A3956D46DE8}") = "_Dependencies", "_Dependencies", "{67EE9DF6-3DE3-400E-9A54-75B76901B996}"
EndProject
Project("{FAE04EC0-301F-11D3-BF4B-00C04F79EFBC}") = "R5T.T0064", "..\..\R5T.T0064\source\R5T.T0064\R5T.T0064.csproj", "{92B97CFF-4F96-43A6-A599-2355042810BF}"
EndProject
Global
	GlobalSection(SolutionConfigurationPlatforms) = preSolution
		Debug|Any CPU = Debug|Any CPU
		Debug|x64 = Debug|x64
		Debug|x86 = Debug|x86
		Release|Any CPU = Release|Any CPU
		Release|x64 = Release|x64
		Release|x86 = Release|x86
	EndGlobalSection
	GlobalSection(SolutionProperties) = preSolution
		HideSolutionNode = FALSE
	EndGlobalSection
	GlobalSection(ProjectConfigurationPlatforms) = postSolution
		{903BE56E-0600-4BE3-92C6-45259E2CAD16}.Debug|Any CPU.ActiveCfg = Debug|Any CPU
		{903BE56E-0600-4BE3-92C6-45259E2CAD16}.Debug|Any CPU.Build.0 = Debug|Any CPU
		{903BE56E-0600-4BE3-92C6-45259E2CAD16}.Debug|x64.ActiveCfg = Debug|Any CPU
		{903BE56E-0600-4BE3-92C6-45259E2CAD16}.Debug|x64.Build.0 = Debug|Any CPU
		{903BE56E-0600-4BE3-92C6-45259E2CAD16}.Debug|x86.ActiveCfg = Debug|Any CPU
		{903BE56E-0600-4BE3-92C6-45259E2CAD16}.Debug|x86.Build.0 = Debug|Any CPU
		{903BE56E-0600-4BE3-92C6-45259E2CAD16}.Release|Any CPU.ActiveCfg = Release|Any CPU
		{903BE56E-0600-4BE3-92C6-45259E2CAD16}.Release|Any CPU.Build.0 = Release|Any CPU
		{903BE56E-0600-4BE3-92C6-45259E2CAD16}.Release|x64.ActiveCfg = Release|Any CPU
		{903BE56E-0600-4BE3-92C6-45259E2CAD16}.Release|x64.Build.0 = Release|Any CPU
		{903BE56E-0600-4BE3-92C6-45259E2CAD16}.Release|x86.ActiveCfg = Release|Any CPU
		{903BE56E-0600-4BE3-92C6-45259E2CAD16}.Release|x86.Build.0 = Release|Any CPU
		{6DE15B9B-7BFA-42A7-8A00-A2C29298DF04}.Debug|Any CPU.ActiveCfg = Debug|Any CPU
		{6DE15B9B-7BFA-42A7-8A00-A2C29298DF04}.Debug|Any CPU.Build.0 = Debug|Any CPU
		{6DE15B9B-7BFA-42A7-8A00-A2C29298DF04}.Debug|x64.ActiveCfg = Debug|Any CPU
		{6DE15B9B-7BFA-42A7-8A00-A2C29298DF04}.Debug|x64.Build.0 = Debug|Any CPU
		{6DE15B9B-7BFA-42A7-8A00-A2C29298DF04}.Debug|x86.ActiveCfg = Debug|Any CPU
		{6DE15B9B-7BFA-42A7-8A00-A2C29298DF04}.Debug|x86.Build.0 = Debug|Any CPU
		{6DE15B9B-7BFA-42A7-8A00-A2C29298DF04}.Release|Any CPU.ActiveCfg = Release|Any CPU
		{6DE15B9B-7BFA-42A7-8A00-A2C29298DF04}.Release|Any CPU.Build.0 = Release|Any CPU
		{6DE15B9B-7BFA-42A7-8A00-A2C29298DF04}.Release|x64.ActiveCfg = Release|Any CPU
		{6DE15B9B-7BFA-42A7-8A00-A2C29298DF04}.Release|x64.Build.0 = Release|Any CPU
		{6DE15B9B-7BFA-42A7-8A00-A2C29298DF04}.Release|x86.ActiveCfg = Release|Any CPU
		{6DE15B9B-7BFA-42A7-8A00-A2C29298DF04}.Release|x86.Build.0 = Release|Any CPU
		{3A079CC3-DFCF-488A-8E8F-ECAA5F4066F4}.Debug|Any CPU.ActiveCfg = Debug|Any CPU
		{3A079CC3-DFCF-488A-8E8F-ECAA5F4066F4}.Debug|Any CPU.Build.0 = Debug|Any CPU
		{3A079CC3-DFCF-488A-8E8F-ECAA5F4066F4}.Debug|x64.ActiveCfg = Debug|Any CPU
		{3A079CC3-DFCF-488A-8E8F-ECAA5F4066F4}.Debug|x64.Build.0 = Debug|Any CPU
		{3A079CC3-DFCF-488A-8E8F-ECAA5F4066F4}.Debug|x86.ActiveCfg = Debug|Any CPU
		{3A079CC3-DFCF-488A-8E8F-ECAA5F4066F4}.Debug|x86.Build.0 = Debug|Any CPU
		{3A079CC3-DFCF-488A-8E8F-ECAA5F4066F4}.Release|Any CPU.ActiveCfg = Release|Any CPU
		{3A079CC3-DFCF-488A-8E8F-ECAA5F4066F4}.Release|Any CPU.Build.0 = Release|Any CPU
		{3A079CC3-DFCF-488A-8E8F-ECAA5F4066F4}.Release|x64.ActiveCfg = Release|Any CPU
		{3A079CC3-DFCF-488A-8E8F-ECAA5F4066F4}.Release|x64.Build.0 = Release|Any CPU
		{3A079CC3-DFCF-488A-8E8F-ECAA5F4066F4}.Release|x86.ActiveCfg = Release|Any CPU
		{3A079CC3-DFCF-488A-8E8F-ECAA5F4066F4}.Release|x86.Build.0 = Release|Any CPU
		{92B97CFF-4F96-43A6-A599-2355042810BF}.Debug|Any CPU.ActiveCfg = Debug|Any CPU
		{92B97CFF-4F96-43A6-A599-2355042810BF}.Debug|Any CPU.Build.0 = Debug|Any CPU
		{92B97CFF-4F96-43A6-A599-2355042810BF}.Debug|x64.ActiveCfg = Debug|Any CPU
		{92B97CFF-4F96-43A6-A599-2355042810BF}.Debug|x64.Build.0 = Debug|Any CPU
		{92B97CFF-4F96-43A6-A599-2355042810BF}.Debug|x86.ActiveCfg = Debug|Any CPU
		{92B97CFF-4F96-43A6-A599-2355042810BF}.Debug|x86.Build.0 = Debug|Any CPU
		{92B97CFF-4F96-43A6-A599-2355042810BF}.Release|Any CPU.ActiveCfg = Release|Any CPU
		{92B97CFF-4F96-43A6-A599-2355042810BF}.Release|Any CPU.Build.0 = Release|Any CPU
		{92B97CFF-4F96-43A6-A599-2355042810BF}.Release|x64.ActiveCfg = Release|Any CPU
		{92B97CFF-4F96-43A6-A599-2355042810BF}.Release|x64.Build.0 = Release|Any CPU
		{92B97CFF-4F96-43A6-A599-2355042810BF}.Release|x86.ActiveCfg = Release|Any CPU
		{92B97CFF-4F96-43A6-A599-2355042810BF}.Release|x86.Build.0 = Release|Any CPU
	EndGlobalSection
	GlobalSection(NestedProjects) = preSolution
		{92B97CFF-4F96-43A6-A599-2355042810BF} = {67EE9DF6-3DE3-400E-9A54-75B76901B996}
	EndGlobalSection
EndGlobal
